[[package]]
name = "asgiref"
version = "3.5.2"
description = "ASGI specs, helper code, and adapters"
category = "main"
optional = false
python-versions = ">=3.7"

[package.extras]
tests = ["mypy (>=0.800)", "pytest", "pytest-asyncio"]

[[package]]
name = "black"
version = "22.12.0"
description = "The uncompromising code formatter."
category = "dev"
optional = false
python-versions = ">=3.7"

[package.dependencies]
click = ">=8.0.0"
mypy-extensions = ">=0.4.3"
pathspec = ">=0.9.0"
platformdirs = ">=2"

[package.extras]
colorama = ["colorama (>=0.4.3)"]
d = ["aiohttp (>=3.7.4)"]
jupyter = ["ipython (>=7.8.0)", "tokenize-rt (>=3.2.0)"]
uvloop = ["uvloop (>=0.15.2)"]

[[package]]
name = "certifi"
version = "2022.12.7"
description = "Python package for providing Mozilla's CA Bundle."
category = "main"
optional = false
python-versions = ">=3.6"

[[package]]
name = "charset-normalizer"
version = "2.1.1"
description = "The Real First Universal Charset Detector. Open, modern and actively maintained alternative to Chardet."
category = "main"
optional = false
python-versions = ">=3.6.0"

[package.extras]
unicode-backport = ["unicodedata2"]

[[package]]
name = "click"
version = "8.1.3"
description = "Composable command line interface toolkit"
category = "dev"
optional = false
python-versions = ">=3.7"

[package.dependencies]
colorama = {version = "*", markers = "platform_system == \"Windows\""}

[[package]]
name = "colorama"
version = "0.4.6"
description = "Cross-platform colored terminal text."
category = "dev"
optional = false
python-versions = "!=3.0.*,!=3.1.*,!=3.2.*,!=3.3.*,!=3.4.*,!=3.5.*,!=3.6.*,>=2.7"

[[package]]
name = "django"
version = "4.1.3"
description = "A high-level Python web framework that encourages rapid development and clean, pragmatic design."
category = "main"
optional = false
python-versions = ">=3.8"

[package.dependencies]
asgiref = ">=3.5.2,<4"
sqlparse = ">=0.2.2"
tzdata = {version = "*", markers = "sys_platform == \"win32\""}

[package.extras]
argon2 = ["argon2-cffi (>=19.1.0)"]
bcrypt = ["bcrypt"]

[[package]]
name = "django-cors-headers"
version = "3.13.0"
description = "django-cors-headers is a Django application for handling the server headers required for Cross-Origin Resource Sharing (CORS)."
category = "main"
optional = false
python-versions = ">=3.7"

[package.dependencies]
Django = ">=3.2"

[[package]]
name = "django-environ"
version = "0.9.0"
description = "A package that allows you to utilize 12factor inspired environment variables to configure your Django application."
category = "main"
optional = false
python-versions = ">=3.4,<4"

[package.extras]
develop = ["coverage[toml] (>=5.0a4)", "furo (>=2021.8.17b43,<2021.9.0)", "pytest (>=4.6.11)", "sphinx (>=3.5.0)", "sphinx-notfound-page"]
docs = ["furo (>=2021.8.17b43,<2021.9.0)", "sphinx (>=3.5.0)", "sphinx-notfound-page"]
testing = ["coverage[toml] (>=5.0a4)", "pytest (>=4.6.11)"]

[[package]]
name = "django-extensions"
version = "3.2.1"
description = "Extensions for Django"
category = "main"
optional = false
python-versions = ">=3.6"

[package.dependencies]
Django = ">=3.2"

[[package]]
name = "django-phonenumber-field"
version = "7.0.1"
description = "An international phone number field for django models."
category = "main"
optional = false
python-versions = ">=3.7"

[package.dependencies]
Django = ">=3.2"
phonenumberslite = {version = ">=7.0.2", optional = true, markers = "extra == \"phonenumberslite\""}

[package.extras]
phonenumbers = ["phonenumbers (>=7.0.2)"]
phonenumberslite = ["phonenumberslite (>=7.0.2)"]

[[package]]
name = "django-twilio"
version = "0.14.3"
description = "Build Twilio functionality into your Django apps."
category = "main"
optional = false
python-versions = "*"

[package.dependencies]
Django = ">=4.0,<4.2"
django-phonenumber-field = ">=0.6"
phonenumbers = ">=8.10.22"
setuptools = ">=36.2"
twilio = ">=7,<8"

[[package]]
name = "djangorestframework"
version = "3.14.0"
description = "Web APIs for Django, made easy."
category = "main"
optional = false
python-versions = ">=3.6"

[package.dependencies]
django = ">=3.0"
pytz = "*"

[[package]]
name = "idna"
version = "3.4"
description = "Internationalized Domain Names in Applications (IDNA)"
category = "main"
optional = false
python-versions = ">=3.5"

[[package]]
name = "mypy-extensions"
version = "0.4.3"
description = "Experimental type system extensions for programs checked with the mypy typechecker."
category = "dev"
optional = false
python-versions = "*"

[[package]]
name = "pathspec"
version = "0.10.3"
description = "Utility library for gitignore style pattern matching of file paths."
category = "dev"
optional = false
python-versions = ">=3.7"

[[package]]
name = "phonenumbers"
version = "8.13.3"
description = "Python version of Google's common library for parsing, formatting, storing and validating international phone numbers."
category = "main"
optional = false
python-versions = "*"

[[package]]
name = "phonenumberslite"
version = "8.13.2"
description = "Python version of Google's common library for parsing, formatting, storing and validating international phone numbers."
category = "main"
optional = false
python-versions = "*"

[[package]]
name = "platformdirs"
version = "2.6.0"
description = "A small Python package for determining appropriate platform-specific dirs, e.g. a \"user data dir\"."
category = "dev"
optional = false
python-versions = ">=3.7"

[package.extras]
docs = ["furo (>=2022.9.29)", "proselint (>=0.13)", "sphinx (>=5.3)", "sphinx-autodoc-typehints (>=1.19.4)"]
test = ["appdirs (==1.4.4)", "pytest (>=7.2)", "pytest-cov (>=4)", "pytest-mock (>=3.10)"]

[[package]]
name = "psycopg2"
version = "2.9.5"
description = "psycopg2 - Python-PostgreSQL Database Adapter"
category = "main"
optional = false
python-versions = ">=3.6"

[[package]]
name = "pyjwt"
version = "2.6.0"
description = "JSON Web Token implementation in Python"
category = "main"
optional = false
python-versions = ">=3.7"

[package.extras]
crypto = ["cryptography (>=3.4.0)"]
dev = ["coverage[toml] (==5.0.4)", "cryptography (>=3.4.0)", "pre-commit", "pytest (>=6.0.0,<7.0.0)", "sphinx (>=4.5.0,<5.0.0)", "sphinx-rtd-theme", "zope.interface"]
docs = ["sphinx (>=4.5.0,<5.0.0)", "sphinx-rtd-theme", "zope.interface"]
tests = ["coverage[toml] (==5.0.4)", "pytest (>=6.0.0,<7.0.0)"]

[[package]]
name = "python-dotenv"
version = "0.21.0"
description = "Read key-value pairs from a .env file and set them as environment variables"
category = "main"
optional = false
python-versions = ">=3.7"

[package.extras]
cli = ["click (>=5.0)"]

[[package]]
name = "pytz"
version = "2022.6"
description = "World timezone definitions, modern and historical"
category = "main"
optional = false
python-versions = "*"

[[package]]
name = "requests"
version = "2.28.1"
description = "Python HTTP for Humans."
category = "main"
optional = false
python-versions = ">=3.7, <4"

[package.dependencies]
certifi = ">=2017.4.17"
charset-normalizer = ">=2,<3"
idna = ">=2.5,<4"
urllib3 = ">=1.21.1,<1.27"

[package.extras]
socks = ["PySocks (>=1.5.6,!=1.5.7)"]
use-chardet-on-py3 = ["chardet (>=3.0.2,<6)"]

[[package]]
name = "setuptools"
version = "65.6.3"
description = "Easily download, build, install, upgrade, and uninstall Python packages"
category = "main"
optional = false
python-versions = ">=3.7"

[package.extras]
docs = ["furo", "jaraco.packaging (>=9)", "jaraco.tidelift (>=1.4)", "pygments-github-lexers (==0.0.5)", "rst.linker (>=1.9)", "sphinx (>=3.5)", "sphinx-favicon", "sphinx-hoverxref (<2)", "sphinx-inline-tabs", "sphinx-notfound-page (==0.8.3)", "sphinx-reredirects", "sphinxcontrib-towncrier"]
testing = ["build[virtualenv]", "filelock (>=3.4.0)", "flake8 (<5)", "flake8-2020", "ini2toml[lite] (>=0.9)", "jaraco.envs (>=2.2)", "jaraco.path (>=3.2.0)", "pip (>=19.1)", "pip-run (>=8.8)", "pytest (>=6)", "pytest-black (>=0.3.7)", "pytest-checkdocs (>=2.4)", "pytest-cov", "pytest-enabler (>=1.3)", "pytest-flake8", "pytest-mypy (>=0.9.1)", "pytest-perf", "pytest-timeout", "pytest-xdist", "tomli-w (>=1.0.0)", "virtualenv (>=13.0.0)", "wheel"]
testing-integration = ["build[virtualenv]", "filelock (>=3.4.0)", "jaraco.envs (>=2.2)", "jaraco.path (>=3.2.0)", "pytest", "pytest-enabler", "pytest-xdist", "tomli", "virtualenv (>=13.0.0)", "wheel"]

[[package]]
name = "sqlparse"
version = "0.4.3"
description = "A non-validating SQL parser."
category = "main"
optional = false
python-versions = ">=3.5"

[[package]]
name = "twilio"
version = "7.16.0"
description = "Twilio API client and TwiML generator"
category = "main"
optional = false
python-versions = ">=3.6.0"

[package.dependencies]
PyJWT = ">=2.0.0,<3.0.0"
pytz = "*"
requests = ">=2.0.0"

[[package]]
name = "tzdata"
version = "2022.7"
description = "Provider of IANA time zone data"
category = "main"
optional = false
python-versions = ">=2"

[[package]]
name = "urllib3"
version = "1.26.13"
description = "HTTP library with thread-safe connection pooling, file post, and more."
category = "main"
optional = false
python-versions = ">=2.7, !=3.0.*, !=3.1.*, !=3.2.*, !=3.3.*, !=3.4.*, !=3.5.*"

[package.extras]
brotli = ["brotli (>=1.0.9)", "brotlicffi (>=0.8.0)", "brotlipy (>=0.6.0)"]
secure = ["certifi", "cryptography (>=1.3.4)", "idna (>=2.0.0)", "ipaddress", "pyOpenSSL (>=0.14)", "urllib3-secure-extra"]
socks = ["PySocks (>=1.5.6,!=1.5.7,<2.0)"]

[metadata]
lock-version = "1.1"
python-versions = "^3.11"
content-hash = "46591d53f4df574f6f8dc9a6bd883b50103d25ab9db25c55a8fc8d662fd6b149"

[metadata.files]
asgiref = [
    {file = "asgiref-3.5.2-py3-none-any.whl", hash = "sha256:1d2880b792ae8757289136f1db2b7b99100ce959b2aa57fd69dab783d05afac4"},
    {file = "asgiref-3.5.2.tar.gz", hash = "sha256:4a29362a6acebe09bf1d6640db38c1dc3d9217c68e6f9f6204d72667fc19a424"},
]
black = [
    {file = "black-22.12.0-cp310-cp310-manylinux_2_17_x86_64.manylinux2014_x86_64.whl", hash = "sha256:9eedd20838bd5d75b80c9f5487dbcb06836a43833a37846cf1d8c1cc01cef59d"},
    {file = "black-22.12.0-cp310-cp310-win_amd64.whl", hash = "sha256:159a46a4947f73387b4d83e87ea006dbb2337eab6c879620a3ba52699b1f4351"},
    {file = "black-22.12.0-cp311-cp311-manylinux_2_17_x86_64.manylinux2014_x86_64.whl", hash = "sha256:d30b212bffeb1e252b31dd269dfae69dd17e06d92b87ad26e23890f3efea366f"},
    {file = "black-22.12.0-cp311-cp311-win_amd64.whl", hash = "sha256:7412e75863aa5c5411886804678b7d083c7c28421210180d67dfd8cf1221e1f4"},
    {file = "black-22.12.0-cp37-cp37m-manylinux_2_17_x86_64.manylinux2014_x86_64.whl", hash = "sha256:c116eed0efb9ff870ded8b62fe9f28dd61ef6e9ddd28d83d7d264a38417dcee2"},
    {file = "black-22.12.0-cp37-cp37m-win_amd64.whl", hash = "sha256:1f58cbe16dfe8c12b7434e50ff889fa479072096d79f0a7f25e4ab8e94cd8350"},
    {file = "black-22.12.0-cp38-cp38-manylinux_2_17_x86_64.manylinux2014_x86_64.whl", hash = "sha256:77d86c9f3db9b1bf6761244bc0b3572a546f5fe37917a044e02f3166d5aafa7d"},
    {file = "black-22.12.0-cp38-cp38-win_amd64.whl", hash = "sha256:82d9fe8fee3401e02e79767016b4907820a7dc28d70d137eb397b92ef3cc5bfc"},
    {file = "black-22.12.0-cp39-cp39-manylinux_2_17_x86_64.manylinux2014_x86_64.whl", hash = "sha256:101c69b23df9b44247bd88e1d7e90154336ac4992502d4197bdac35dd7ee3320"},
    {file = "black-22.12.0-cp39-cp39-win_amd64.whl", hash = "sha256:559c7a1ba9a006226f09e4916060982fd27334ae1998e7a38b3f33a37f7a2148"},
    {file = "black-22.12.0-py3-none-any.whl", hash = "sha256:436cc9167dd28040ad90d3b404aec22cedf24a6e4d7de221bec2730ec0c97bcf"},
    {file = "black-22.12.0.tar.gz", hash = "sha256:229351e5a18ca30f447bf724d007f890f97e13af070bb6ad4c0a441cd7596a2f"},
]
certifi = [
    {file = "certifi-2022.12.7-py3-none-any.whl", hash = "sha256:4ad3232f5e926d6718ec31cfc1fcadfde020920e278684144551c91769c7bc18"},
    {file = "certifi-2022.12.7.tar.gz", hash = "sha256:35824b4c3a97115964b408844d64aa14db1cc518f6562e8d7261699d1350a9e3"},
]
charset-normalizer = [
    {file = "charset-normalizer-2.1.1.tar.gz", hash = "sha256:5a3d016c7c547f69d6f81fb0db9449ce888b418b5b9952cc5e6e66843e9dd845"},
    {file = "charset_normalizer-2.1.1-py3-none-any.whl", hash = "sha256:83e9a75d1911279afd89352c68b45348559d1fc0506b054b346651b5e7fee29f"},
]
click = [
    {file = "click-8.1.3-py3-none-any.whl", hash = "sha256:bb4d8133cb15a609f44e8213d9b391b0809795062913b383c62be0ee95b1db48"},
    {file = "click-8.1.3.tar.gz", hash = "sha256:7682dc8afb30297001674575ea00d1814d808d6a36af415a82bd481d37ba7b8e"},
]
colorama = [
    {file = "colorama-0.4.6-py2.py3-none-any.whl", hash = "sha256:4f1d9991f5acc0ca119f9d443620b77f9d6b33703e51011c16baf57afb285fc6"},
    {file = "colorama-0.4.6.tar.gz", hash = "sha256:08695f5cb7ed6e0531a20572697297273c47b8cae5a63ffc6d6ed5c201be6e44"},
]
django = [
    {file = "Django-4.1.3-py3-none-any.whl", hash = "sha256:6b1de6886cae14c7c44d188f580f8ba8da05750f544c80ae5ad43375ab293cd5"},
    {file = "Django-4.1.3.tar.gz", hash = "sha256:678bbfc8604eb246ed54e2063f0765f13b321a50526bdc8cb1f943eda7fa31f1"},
]
django-cors-headers = [
    {file = "django-cors-headers-3.13.0.tar.gz", hash = "sha256:f9dc6b4e3f611c3199700b3e5f3398c28757dcd559c2f82932687f3d0443cfdf"},
    {file = "django_cors_headers-3.13.0-py3-none-any.whl", hash = "sha256:37e42883b5f1f2295df6b4bba96eb2417a14a03270cb24b2a07f021cd4487cf4"},
]
django-environ = [
    {file = "django-environ-0.9.0.tar.gz", hash = "sha256:bff5381533056328c9ac02f71790bd5bf1cea81b1beeb648f28b81c9e83e0a21"},
    {file = "django_environ-0.9.0-py2.py3-none-any.whl", hash = "sha256:f21a5ef8cc603da1870bbf9a09b7e5577ab5f6da451b843dbcc721a7bca6b3d9"},
]
django-extensions = [
    {file = "django-extensions-3.2.1.tar.gz", hash = "sha256:2a4f4d757be2563cd1ff7cfdf2e57468f5f931cc88b23cf82ca75717aae504a4"},
    {file = "django_extensions-3.2.1-py3-none-any.whl", hash = "sha256:421464be390289513f86cb5e18eb43e5dc1de8b4c27ba9faa3b91261b0d67e09"},
]
django-phonenumber-field = [
    {file = "django-phonenumber-field-7.0.1.tar.gz", hash = "sha256:9e2b302f239e4703fa9030e44833db5eb524a731335fd77b0b703bd352fbe8d0"},
    {file = "django_phonenumber_field-7.0.1-py3-none-any.whl", hash = "sha256:969bbcab203d697ea44c38726bdc7d72ac9f1ba397694b9f57422b471ad73590"},
]
django-twilio = [
    {file = "django-twilio-0.14.3.tar.gz", hash = "sha256:0e6c81645edeebcc2035e304f27d95a7bda74c36d1ff1ec566072de8a2bee95e"},
    {file = "django_twilio-0.14.3-py3-none-any.whl", hash = "sha256:89f6fd48da0e26c66eb6176d01e4360b4a94f6b99b16c50754136e81bc8ee827"},
]
djangorestframework = [
    {file = "djangorestframework-3.14.0-py3-none-any.whl", hash = "sha256:eb63f58c9f218e1a7d064d17a70751f528ed4e1d35547fdade9aaf4cd103fd08"},
    {file = "djangorestframework-3.14.0.tar.gz", hash = "sha256:579a333e6256b09489cbe0a067e66abe55c6595d8926be6b99423786334350c8"},
]
idna = [
    {file = "idna-3.4-py3-none-any.whl", hash = "sha256:90b77e79eaa3eba6de819a0c442c0b4ceefc341a7a2ab77d7562bf49f425c5c2"},
    {file = "idna-3.4.tar.gz", hash = "sha256:814f528e8dead7d329833b91c5faa87d60bf71824cd12a7530b5526063d02cb4"},
]
mypy-extensions = [
    {file = "mypy_extensions-0.4.3-py2.py3-none-any.whl", hash = "sha256:090fedd75945a69ae91ce1303b5824f428daf5a028d2f6ab8a299250a846f15d"},
    {file = "mypy_extensions-0.4.3.tar.gz", hash = "sha256:2d82818f5bb3e369420cb3c4060a7970edba416647068eb4c5343488a6c604a8"},
]
pathspec = [
    {file = "pathspec-0.10.3-py3-none-any.whl", hash = "sha256:3c95343af8b756205e2aba76e843ba9520a24dd84f68c22b9f93251507509dd6"},
    {file = "pathspec-0.10.3.tar.gz", hash = "sha256:56200de4077d9d0791465aa9095a01d421861e405b5096955051deefd697d6f6"},
]
phonenumbers = [
    {file = "phonenumbers-8.13.3-py2.py3-none-any.whl", hash = "sha256:14f5a639eb47548595bb2baeff7bb63b32c95a4f79eed4dc7529afa2a65002d1"},
    {file = "phonenumbers-8.13.3.tar.gz", hash = "sha256:7d0c45c154013970b78b86f4188e0e00a8e77d6bebef7c81efdc038db876eeba"},
]
phonenumberslite = [
    {file = "phonenumberslite-8.13.2-py2.py3-none-any.whl", hash = "sha256:8daa2fff393e291531aaa5ed4ddc123749b631d48ae7e504e8d7a4e818b3f799"},
    {file = "phonenumberslite-8.13.2.tar.gz", hash = "sha256:87218f3f85f67779007b6cfeeca59b1d370b96f9b3867347f0e6d094b1a3df64"},
]
platformdirs = [
    {file = "platformdirs-2.6.0-py3-none-any.whl", hash = "sha256:1a89a12377800c81983db6be069ec068eee989748799b946cce2a6e80dcc54ca"},
    {file = "platformdirs-2.6.0.tar.gz", hash = "sha256:b46ffafa316e6b83b47489d240ce17173f123a9b9c83282141c3daf26ad9ac2e"},
]
psycopg2 = [
    {file = "psycopg2-2.9.5-cp310-cp310-win32.whl", hash = "sha256:d3ef67e630b0de0779c42912fe2cbae3805ebaba30cda27fea2a3de650a9414f"},
    {file = "psycopg2-2.9.5-cp310-cp310-win_amd64.whl", hash = "sha256:4cb9936316d88bfab614666eb9e32995e794ed0f8f6b3b718666c22819c1d7ee"},
    {file = "psycopg2-2.9.5-cp311-cp311-win32.whl", hash = "sha256:093e3894d2d3c592ab0945d9eba9d139c139664dcf83a1c440b8a7aa9bb21955"},
    {file = "psycopg2-2.9.5-cp311-cp311-win_amd64.whl", hash = "sha256:920bf418000dd17669d2904472efeab2b20546efd0548139618f8fa305d1d7ad"},
    {file = "psycopg2-2.9.5-cp36-cp36m-win32.whl", hash = "sha256:b9ac1b0d8ecc49e05e4e182694f418d27f3aedcfca854ebd6c05bb1cffa10d6d"},
    {file = "psycopg2-2.9.5-cp36-cp36m-win_amd64.whl", hash = "sha256:fc04dd5189b90d825509caa510f20d1d504761e78b8dfb95a0ede180f71d50e5"},
    {file = "psycopg2-2.9.5-cp37-cp37m-win32.whl", hash = "sha256:922cc5f0b98a5f2b1ff481f5551b95cd04580fd6f0c72d9b22e6c0145a4840e0"},
    {file = "psycopg2-2.9.5-cp37-cp37m-win_amd64.whl", hash = "sha256:1e5a38aa85bd660c53947bd28aeaafb6a97d70423606f1ccb044a03a1203fe4a"},
    {file = "psycopg2-2.9.5-cp38-cp38-win32.whl", hash = "sha256:f5b6320dbc3cf6cfb9f25308286f9f7ab464e65cfb105b64cc9c52831748ced2"},
    {file = "psycopg2-2.9.5-cp38-cp38-win_amd64.whl", hash = "sha256:1a5c7d7d577e0eabfcf15eb87d1e19314c8c4f0e722a301f98e0e3a65e238b4e"},
    {file = "psycopg2-2.9.5-cp39-cp39-win32.whl", hash = "sha256:322fd5fca0b1113677089d4ebd5222c964b1760e361f151cbb2706c4912112c5"},
    {file = "psycopg2-2.9.5-cp39-cp39-win_amd64.whl", hash = "sha256:190d51e8c1b25a47484e52a79638a8182451d6f6dff99f26ad9bd81e5359a0fa"},
    {file = "psycopg2-2.9.5.tar.gz", hash = "sha256:a5246d2e683a972e2187a8714b5c2cf8156c064629f9a9b1a873c1730d9e245a"},
]
pyjwt = [
    {file = "PyJWT-2.6.0-py3-none-any.whl", hash = "sha256:d83c3d892a77bbb74d3e1a2cfa90afaadb60945205d1095d9221f04466f64c14"},
    {file = "PyJWT-2.6.0.tar.gz", hash = "sha256:69285c7e31fc44f68a1feb309e948e0df53259d579295e6cfe2b1792329f05fd"},
]
python-dotenv = [
    {file = "python-dotenv-0.21.0.tar.gz", hash = "sha256:b77d08274639e3d34145dfa6c7008e66df0f04b7be7a75fd0d5292c191d79045"},
    {file = "python_dotenv-0.21.0-py3-none-any.whl", hash = "sha256:1684eb44636dd462b66c3ee016599815514527ad99965de77f43e0944634a7e5"},
]
pytz = [
    {file = "pytz-2022.6-py2.py3-none-any.whl", hash = "sha256:222439474e9c98fced559f1709d89e6c9cbf8d79c794ff3eb9f8800064291427"},
    {file = "pytz-2022.6.tar.gz", hash = "sha256:e89512406b793ca39f5971bc999cc538ce125c0e51c27941bef4568b460095e2"},
]
requests = [
    {file = "requests-2.28.1-py3-none-any.whl", hash = "sha256:8fefa2a1a1365bf5520aac41836fbee479da67864514bdb821f31ce07ce65349"},
    {file = "requests-2.28.1.tar.gz", hash = "sha256:7c5599b102feddaa661c826c56ab4fee28bfd17f5abca1ebbe3e7f19d7c97983"},
]
setuptools = [
    {file = "setuptools-65.6.3-py3-none-any.whl", hash = "sha256:57f6f22bde4e042978bcd50176fdb381d7c21a9efa4041202288d3737a0c6a54"},
    {file = "setuptools-65.6.3.tar.gz", hash = "sha256:a7620757bf984b58deaf32fc8a4577a9bbc0850cf92c20e1ce41c38c19e5fb75"},
]
sqlparse = [
    {file = "sqlparse-0.4.3-py3-none-any.whl", hash = "sha256:0323c0ec29cd52bceabc1b4d9d579e311f3e4961b98d174201d5622a23b85e34"},
    {file = "sqlparse-0.4.3.tar.gz", hash = "sha256:69ca804846bb114d2ec380e4360a8a340db83f0ccf3afceeb1404df028f57268"},
]
twilio = [
    {file = "twilio-7.16.0-py2.py3-none-any.whl", hash = "sha256:3c02ed1855629e3b567b613c03dfad2aade913f21897d21cd0efe6e48f06ddcf"},
    {file = "twilio-7.16.0.tar.gz", hash = "sha256:8d6fb07d42235ec60d6256c0f438f6274f601d688e550d25124a0067c4daf75c"},
]
tzdata = [
    {file = "tzdata-2022.7-py2.py3-none-any.whl", hash = "sha256:2b88858b0e3120792a3c0635c23daf36a7d7eeeca657c323da299d2094402a0d"},
    {file = "tzdata-2022.7.tar.gz", hash = "sha256:fe5f866eddd8b96e9fcba978f8e503c909b19ea7efda11e52e39494bad3a7bfa"},
]
urllib3 = [
    {file = "urllib3-1.26.13-py2.py3-none-any.whl", hash = "sha256:47cc05d99aaa09c9e72ed5809b60e7ba354e64b59c9c173ac3018642d8bb41fc"},
    {file = "urllib3-1.26.13.tar.gz", hash = "sha256:c083dd0dce68dbfbe1129d5271cb90f9447dea7d52097c6e0126120c521ddea8"},
]
